{
  "name": "project",
  "version": "1.0.0",
  "lockfileVersion": 1,
  "requires": true,
  "dependencies": {
    "uuid": {
      "version": "3.3.3",
      "resolved": "https://moneyou.jfrog.io/moneyou/api/npm/npm/uuid/-/uuid-3.3.3.tgz",
      "integrity": "sha1-RWjwIW54dg7h2/Ok0s9T4iQRKGY="
    }
  }
}
